
Microsoft Visual Studio Solution File, Format Version 12.00
# Visual Studio 15
Project("{FAE04EC0-301F-11D3-BF4B-00C04F79EFBC}") = "Assembly-CSharp", "Assembly-CSharp.csproj", "{6EE27535-3F9B-EDB1-F3CE-CF5043234C29}"
EndProject
Project("{FAE04EC0-301F-11D3-BF4B-00C04F79EFBC}") = "Assembly-CSharp-Editor", "Assembly-CSharp-Editor.csproj", "{B54294D4-E99E-359F-6474-67A52D15B4F6}"
EndProject
Global
	GlobalSection(SolutionConfigurationPlatforms) = preSolution
		Debug|Any CPU = Debug|Any CPU
		Release|Any CPU = Release|Any CPU
	EndGlobalSection
	GlobalSection(ProjectConfigurationPlatforms) = postSolution
		{6EE27535-3F9B-EDB1-F3CE-CF5043234C29}.Debug|Any CPU.ActiveCfg = Debug|Any CPU
		{6EE27535-3F9B-EDB1-F3CE-CF5043234C29}.Debug|Any CPU.Build.0 = Debug|Any CPU
		{6EE27535-3F9B-EDB1-F3CE-CF5043234C29}.Release|Any CPU.ActiveCfg = Release|Any CPU
		{6EE27535-3F9B-EDB1-F3CE-CF5043234C29}.Release|Any CPU.Build.0 = Release|Any CPU
		{B54294D4-E99E-359F-6474-67A52D15B4F6}.Debug|Any CPU.ActiveCfg = Debug|Any CPU
		{B54294D4-E99E-359F-6474-67A52D15B4F6}.Debug|Any CPU.Build.0 = Debug|Any CPU
		{B54294D4-E99E-359F-6474-67A52D15B4F6}.Release|Any CPU.ActiveCfg = Release|Any CPU
		{B54294D4-E99E-359F-6474-67A52D15B4F6}.Release|Any CPU.Build.0 = Release|Any CPU
	EndGlobalSection
	GlobalSection(SolutionProperties) = preSolution
		HideSolutionNode = FALSE
	EndGlobalSection
EndGlobal
